
Microsoft Visual Studio Solution File, Format Version 12.00
# Visual Studio Version 16
VisualStudioVersion = 16.0.31105.61
MinimumVisualStudioVersion = 10.0.40219.1
Project("{2150E333-8FDC-42A3-9474-1A3956D46DE8}") = "UI", "UI", "{DD7FF2DF-EF74-43F3-82E3-0CEA8000A2D9}"
EndProject
Project("{2150E333-8FDC-42A3-9474-1A3956D46DE8}") = "Common", "Common", "{88BB120A-3779-4829-BC27-32A5CB99AC0A}"
EndProject
Project("{2150E333-8FDC-42A3-9474-1A3956D46DE8}") = "Services", "Services", "{BEBBBA27-EC5D-4BBF-8E69-952DBB25B265}"
EndProject
Project("{9A19103F-16F7-4668-BE54-9A1E7A4F7556}") = "WebStore.Domain", "Common\WebStore.Domain\WebStore.Domain.csproj", "{74D99447-00B1-4247-A3BA-C6F387B247F6}"
EndProject
Project("{9A19103F-16F7-4668-BE54-9A1E7A4F7556}") = "WebStore.DAL", "Services\WebStore.DAL\WebStore.DAL.csproj", "{5508D8CC-E1B0-4D2C-B816-E57E248EB8BA}"
EndProject
Project("{9A19103F-16F7-4668-BE54-9A1E7A4F7556}") = "WebStore.DAL.Sqlite", "Services\WebStore.DAL.Sqlite\WebStore.DAL.Sqlite.csproj", "{A47944CE-6FEF-4A5A-AC16-61D0EA34B7DE}"
EndProject
Project("{9A19103F-16F7-4668-BE54-9A1E7A4F7556}") = "WebStore", "UI\WebStore\WebStore.csproj", "{D2ADAFCE-C1C6-4CBF-ADC1-1AEC90D1B4C3}"
EndProject
Project("{9A19103F-16F7-4668-BE54-9A1E7A4F7556}") = "WebStore.Interfaces", "Services\WebStore.Interfaces\WebStore.Interfaces.csproj", "{30E8B2B6-AE26-4C54-ADCC-5397887F1546}"
EndProject
Project("{9A19103F-16F7-4668-BE54-9A1E7A4F7556}") = "WebStore.Services", "Services\WebStore.Services\WebStore.Services.csproj", "{C9B99BC6-DA53-4B42-803A-6B222EC2E026}"
EndProject
Project("{FAE04EC0-301F-11D3-BF4B-00C04F79EFBC}") = "WebStore.ServicesHosting", "Services\WebStore.ServicesHosting\WebStore.ServicesHosting.csproj", "{8F112369-A15B-4009-B4C0-7094919BC3DA}"
EndProject
Global
	GlobalSection(SolutionConfigurationPlatforms) = preSolution
		Debug|Any CPU = Debug|Any CPU
		Release|Any CPU = Release|Any CPU
	EndGlobalSection
	GlobalSection(ProjectConfigurationPlatforms) = postSolution
		{74D99447-00B1-4247-A3BA-C6F387B247F6}.Debug|Any CPU.ActiveCfg = Debug|Any CPU
		{74D99447-00B1-4247-A3BA-C6F387B247F6}.Debug|Any CPU.Build.0 = Debug|Any CPU
		{74D99447-00B1-4247-A3BA-C6F387B247F6}.Release|Any CPU.ActiveCfg = Release|Any CPU
		{74D99447-00B1-4247-A3BA-C6F387B247F6}.Release|Any CPU.Build.0 = Release|Any CPU
		{5508D8CC-E1B0-4D2C-B816-E57E248EB8BA}.Debug|Any CPU.ActiveCfg = Debug|Any CPU
		{5508D8CC-E1B0-4D2C-B816-E57E248EB8BA}.Debug|Any CPU.Build.0 = Debug|Any CPU
		{5508D8CC-E1B0-4D2C-B816-E57E248EB8BA}.Release|Any CPU.ActiveCfg = Release|Any CPU
		{5508D8CC-E1B0-4D2C-B816-E57E248EB8BA}.Release|Any CPU.Build.0 = Release|Any CPU
		{A47944CE-6FEF-4A5A-AC16-61D0EA34B7DE}.Debug|Any CPU.ActiveCfg = Debug|Any CPU
		{A47944CE-6FEF-4A5A-AC16-61D0EA34B7DE}.Debug|Any CPU.Build.0 = Debug|Any CPU
		{A47944CE-6FEF-4A5A-AC16-61D0EA34B7DE}.Release|Any CPU.ActiveCfg = Release|Any CPU
		{A47944CE-6FEF-4A5A-AC16-61D0EA34B7DE}.Release|Any CPU.Build.0 = Release|Any CPU
		{D2ADAFCE-C1C6-4CBF-ADC1-1AEC90D1B4C3}.Debug|Any CPU.ActiveCfg = Debug|Any CPU
		{D2ADAFCE-C1C6-4CBF-ADC1-1AEC90D1B4C3}.Debug|Any CPU.Build.0 = Debug|Any CPU
		{D2ADAFCE-C1C6-4CBF-ADC1-1AEC90D1B4C3}.Release|Any CPU.ActiveCfg = Release|Any CPU
		{D2ADAFCE-C1C6-4CBF-ADC1-1AEC90D1B4C3}.Release|Any CPU.Build.0 = Release|Any CPU
		{30E8B2B6-AE26-4C54-ADCC-5397887F1546}.Debug|Any CPU.ActiveCfg = Debug|Any CPU
		{30E8B2B6-AE26-4C54-ADCC-5397887F1546}.Debug|Any CPU.Build.0 = Debug|Any CPU
		{30E8B2B6-AE26-4C54-ADCC-5397887F1546}.Release|Any CPU.ActiveCfg = Release|Any CPU
		{30E8B2B6-AE26-4C54-ADCC-5397887F1546}.Release|Any CPU.Build.0 = Release|Any CPU
		{C9B99BC6-DA53-4B42-803A-6B222EC2E026}.Debug|Any CPU.ActiveCfg = Debug|Any CPU
		{C9B99BC6-DA53-4B42-803A-6B222EC2E026}.Debug|Any CPU.Build.0 = Debug|Any CPU
		{C9B99BC6-DA53-4B42-803A-6B222EC2E026}.Release|Any CPU.ActiveCfg = Release|Any CPU
		{C9B99BC6-DA53-4B42-803A-6B222EC2E026}.Release|Any CPU.Build.0 = Release|Any CPU
		{8F112369-A15B-4009-B4C0-7094919BC3DA}.Debug|Any CPU.ActiveCfg = Debug|Any CPU
		{8F112369-A15B-4009-B4C0-7094919BC3DA}.Debug|Any CPU.Build.0 = Debug|Any CPU
		{8F112369-A15B-4009-B4C0-7094919BC3DA}.Release|Any CPU.ActiveCfg = Release|Any CPU
		{8F112369-A15B-4009-B4C0-7094919BC3DA}.Release|Any CPU.Build.0 = Release|Any CPU
	EndGlobalSection
	GlobalSection(SolutionProperties) = preSolution
		HideSolutionNode = FALSE
	EndGlobalSection
	GlobalSection(NestedProjects) = preSolution
		{74D99447-00B1-4247-A3BA-C6F387B247F6} = {88BB120A-3779-4829-BC27-32A5CB99AC0A}
		{5508D8CC-E1B0-4D2C-B816-E57E248EB8BA} = {BEBBBA27-EC5D-4BBF-8E69-952DBB25B265}
		{A47944CE-6FEF-4A5A-AC16-61D0EA34B7DE} = {BEBBBA27-EC5D-4BBF-8E69-952DBB25B265}
		{D2ADAFCE-C1C6-4CBF-ADC1-1AEC90D1B4C3} = {DD7FF2DF-EF74-43F3-82E3-0CEA8000A2D9}
		{30E8B2B6-AE26-4C54-ADCC-5397887F1546} = {BEBBBA27-EC5D-4BBF-8E69-952DBB25B265}
		{C9B99BC6-DA53-4B42-803A-6B222EC2E026} = {BEBBBA27-EC5D-4BBF-8E69-952DBB25B265}
		{8F112369-A15B-4009-B4C0-7094919BC3DA} = {BEBBBA27-EC5D-4BBF-8E69-952DBB25B265}
	EndGlobalSection
	GlobalSection(ExtensibilityGlobals) = postSolution
		SolutionGuid = {F526B6AB-6BEF-49D9-AE15-9F50F08FE0CD}
	EndGlobalSection
EndGlobal
